
Microsoft Visual Studio Solution File, Format Version 12.00
# Visual Studio Version 16
VisualStudioVersion = 16.0.28729.10
MinimumVisualStudioVersion = 10.0.40219.1
Project("{9A19103F-16F7-4668-BE54-9A1E7A4F7556}") = "FPLedit.Shared", "FPLedit.Shared\FPLedit.Shared.csproj", "{CE38D005-22B2-4B15-80BA-614F038240FD}"
EndProject
Project("{9A19103F-16F7-4668-BE54-9A1E7A4F7556}") = "FPLedit.Buchfahrplan", "FPLedit.Buchfahrplan\FPLedit.Buchfahrplan.csproj", "{B8BA56BA-15FC-4D2E-8929-FDD6C6E13B5A}"
EndProject
Project("{2150E333-8FDC-42A3-9474-1A3956D46DE8}") = "Extensions", "Extensions", "{5A859144-0558-4FEB-965B-BFD83D9336A9}"
EndProject
Project("{9A19103F-16F7-4668-BE54-9A1E7A4F7556}") = "FPLedit.jTrainGraphStarter", "FPLedit.jTrainGraphStarter\FPLedit.jTrainGraphStarter.csproj", "{0B7A9395-3318-41A1-85D3-EECA6A868FA7}"
EndProject
Project("{2150E333-8FDC-42A3-9474-1A3956D46DE8}") = "build_scripts", "build_scripts", "{A63B9FD7-0C3A-4C99-905C-52C85CA8D2E0}"
ProjectSection(SolutionItems) = preProject
	build_scripts\extensions.pubkey = build_scripts\extensions.pubkey
	build_scripts\FPLedit.ruleset = build_scripts\FPLedit.ruleset
	build_scripts\generate-keypair.csx = build_scripts\generate-keypair.csx
	build_scripts\license.cake = build_scripts\license.cake
	build_scripts\ResourceHelper.cs = build_scripts\ResourceHelper.cs
	build.cake = build.cake
	NuGet.config = NuGet.config
	Directory.Build.props = Directory.Build.props
	build_scripts\GenerateVersionInfo.targets = build_scripts\GenerateVersionInfo.targets
	build_scripts\VersionInfo.targets = build_scripts\VersionInfo.targets
	build_scripts\GenerateSignatures.targets = build_scripts\GenerateSignatures.targets
	build_scripts\GenerateUserDocumentation.proj = build_scripts\GenerateUserDocumentation.proj
EndProjectSection
EndProject
Project("{9A19103F-16F7-4668-BE54-9A1E7A4F7556}") = "FPLedit.Aushangfahrplan", "FPLedit.Aushangfahrplan\FPLedit.Aushangfahrplan.csproj", "{C9D85138-EABB-47C1-8765-0F204E81FA5C}"
EndProject
Project("{9A19103F-16F7-4668-BE54-9A1E7A4F7556}") = "FPLedit.Kursbuch", "FPLedit.Kursbuch\FPLedit.Kursbuch.csproj", "{678843A1-1DFA-46EC-A15B-9C0AF7FCBBF0}"
EndProject
Project("{9A19103F-16F7-4668-BE54-9A1E7A4F7556}") = "FPLedit", "FPLedit\FPLedit.csproj", "{386836E8-5885-4ED1-B350-CE2BBEC5367E}"
	ProjectSection(ProjectDependencies) = postProject
		{C9D85138-EABB-47C1-8765-0F204E81FA5C} = {C9D85138-EABB-47C1-8765-0F204E81FA5C}
		{77EE9755-CE3E-4B7B-AEF1-474B228E7B50} = {77EE9755-CE3E-4B7B-AEF1-474B228E7B50}
		{0B7A9395-3318-41A1-85D3-EECA6A868FA7} = {0B7A9395-3318-41A1-85D3-EECA6A868FA7}
		{678843A1-1DFA-46EC-A15B-9C0AF7FCBBF0} = {678843A1-1DFA-46EC-A15B-9C0AF7FCBBF0}
		{CA3BB2AD-517E-475F-B7D7-ABA69AC31A96} = {CA3BB2AD-517E-475F-B7D7-ABA69AC31A96}
		{B8BA56BA-15FC-4D2E-8929-FDD6C6E13B5A} = {B8BA56BA-15FC-4D2E-8929-FDD6C6E13B5A}
	EndProjectSection
EndProject
Project("{9A19103F-16F7-4668-BE54-9A1E7A4F7556}") = "FPLedit.Shared.UI", "FPLedit.Shared.UI\FPLedit.Shared.UI.csproj", "{5A1A083A-1308-488A-8A6B-ED8C1936B7C4}"
EndProject
Project("{9A19103F-16F7-4668-BE54-9A1E7A4F7556}") = "FPLedit.Bildfahrplan", "FPLedit.Bildfahrplan\FPLedit.Bildfahrplan.csproj", "{77EE9755-CE3E-4B7B-AEF1-474B228E7B50}"
EndProject
Project("{9A19103F-16F7-4668-BE54-9A1E7A4F7556}") = "FPLedit.DebugDump", "FPLedit.DebugDump\FPLedit.DebugDump.csproj", "{CA3BB2AD-517E-475F-B7D7-ABA69AC31A96}"
EndProject
Project("{9A19103F-16F7-4668-BE54-9A1E7A4F7556}") = "FPLedit.Shared.Rendering", "FPLedit.Shared.Rendering\FPLedit.Shared.Rendering.csproj", "{7D24F283-5220-42E0-83F9-76297A4BD03D}"
EndProject
Project("{9A19103F-16F7-4668-BE54-9A1E7A4F7556}") = "FPLedit.Shared.Tests", "FPLedit.Shared.Tests\FPLedit.Shared.Tests.csproj", "{7F8AF3E4-F2F6-4D4E-9E1F-0483E5BAE8E0}"
EndProject
Project("{2150E333-8FDC-42A3-9474-1A3956D46DE8}") = "tests", "tests", "{83B63C9D-A034-42FF-B874-FDC7834408B0}"
EndProject
Project("{9A19103F-16F7-4668-BE54-9A1E7A4F7556}") = "FPLedit.Tests", "FPLedit.Tests\FPLedit.Tests.csproj", "{6999ADEC-37DC-4B78-A6F3-B18C4B429506}"
EndProject
Project("{FAE04EC0-301F-11D3-BF4B-00C04F79EFBC}") = "FPLedit.Docs", "FPLedit.Docs\FPLedit.Docs.csproj", "{E83DBE22-B03E-43EB-98F7-98F5B0B6AADF}"
EndProject
Project("{FAE04EC0-301F-11D3-BF4B-00C04F79EFBC}") = "FPLedit.Tests.Common", "FPLedit.Tests.Common\FPLedit.Tests.Common.csproj", "{FCC648B5-611A-4A1B-8D6E-14BD16B1BB17}"
EndProject
Global
	GlobalSection(SolutionConfigurationPlatforms) = preSolution
		Debug|Any CPU = Debug|Any CPU
		Release|Any CPU = Release|Any CPU
	EndGlobalSection
	GlobalSection(ProjectConfigurationPlatforms) = postSolution
		{CE38D005-22B2-4B15-80BA-614F038240FD}.Debug|Any CPU.ActiveCfg = Debug|Any CPU
		{CE38D005-22B2-4B15-80BA-614F038240FD}.Debug|Any CPU.Build.0 = Debug|Any CPU
		{CE38D005-22B2-4B15-80BA-614F038240FD}.Release|Any CPU.ActiveCfg = Release|Any CPU
		{CE38D005-22B2-4B15-80BA-614F038240FD}.Release|Any CPU.Build.0 = Release|Any CPU
		{B8BA56BA-15FC-4D2E-8929-FDD6C6E13B5A}.Debug|Any CPU.ActiveCfg = Debug|Any CPU
		{B8BA56BA-15FC-4D2E-8929-FDD6C6E13B5A}.Debug|Any CPU.Build.0 = Debug|Any CPU
		{B8BA56BA-15FC-4D2E-8929-FDD6C6E13B5A}.Release|Any CPU.ActiveCfg = Release|Any CPU
		{B8BA56BA-15FC-4D2E-8929-FDD6C6E13B5A}.Release|Any CPU.Build.0 = Release|Any CPU
		{0B7A9395-3318-41A1-85D3-EECA6A868FA7}.Debug|Any CPU.ActiveCfg = Debug|Any CPU
		{0B7A9395-3318-41A1-85D3-EECA6A868FA7}.Debug|Any CPU.Build.0 = Debug|Any CPU
		{0B7A9395-3318-41A1-85D3-EECA6A868FA7}.Release|Any CPU.ActiveCfg = Release|Any CPU
		{0B7A9395-3318-41A1-85D3-EECA6A868FA7}.Release|Any CPU.Build.0 = Release|Any CPU
		{C9D85138-EABB-47C1-8765-0F204E81FA5C}.Debug|Any CPU.ActiveCfg = Debug|Any CPU
		{C9D85138-EABB-47C1-8765-0F204E81FA5C}.Debug|Any CPU.Build.0 = Debug|Any CPU
		{C9D85138-EABB-47C1-8765-0F204E81FA5C}.Release|Any CPU.ActiveCfg = Release|Any CPU
		{C9D85138-EABB-47C1-8765-0F204E81FA5C}.Release|Any CPU.Build.0 = Release|Any CPU
		{678843A1-1DFA-46EC-A15B-9C0AF7FCBBF0}.Debug|Any CPU.ActiveCfg = Debug|Any CPU
		{678843A1-1DFA-46EC-A15B-9C0AF7FCBBF0}.Debug|Any CPU.Build.0 = Debug|Any CPU
		{678843A1-1DFA-46EC-A15B-9C0AF7FCBBF0}.Release|Any CPU.ActiveCfg = Release|Any CPU
		{678843A1-1DFA-46EC-A15B-9C0AF7FCBBF0}.Release|Any CPU.Build.0 = Release|Any CPU
		{386836E8-5885-4ED1-B350-CE2BBEC5367E}.Debug|Any CPU.ActiveCfg = Debug|Any CPU
		{386836E8-5885-4ED1-B350-CE2BBEC5367E}.Debug|Any CPU.Build.0 = Debug|Any CPU
		{386836E8-5885-4ED1-B350-CE2BBEC5367E}.Release|Any CPU.ActiveCfg = Release|Any CPU
		{386836E8-5885-4ED1-B350-CE2BBEC5367E}.Release|Any CPU.Build.0 = Release|Any CPU
		{5A1A083A-1308-488A-8A6B-ED8C1936B7C4}.Debug|Any CPU.ActiveCfg = Debug|Any CPU
		{5A1A083A-1308-488A-8A6B-ED8C1936B7C4}.Debug|Any CPU.Build.0 = Debug|Any CPU
		{5A1A083A-1308-488A-8A6B-ED8C1936B7C4}.Release|Any CPU.ActiveCfg = Release|Any CPU
		{5A1A083A-1308-488A-8A6B-ED8C1936B7C4}.Release|Any CPU.Build.0 = Release|Any CPU
		{77EE9755-CE3E-4B7B-AEF1-474B228E7B50}.Debug|Any CPU.ActiveCfg = Debug|Any CPU
		{77EE9755-CE3E-4B7B-AEF1-474B228E7B50}.Debug|Any CPU.Build.0 = Debug|Any CPU
		{77EE9755-CE3E-4B7B-AEF1-474B228E7B50}.Release|Any CPU.ActiveCfg = Release|Any CPU
		{77EE9755-CE3E-4B7B-AEF1-474B228E7B50}.Release|Any CPU.Build.0 = Release|Any CPU
		{CA3BB2AD-517E-475F-B7D7-ABA69AC31A96}.Debug|Any CPU.ActiveCfg = Debug|Any CPU
		{CA3BB2AD-517E-475F-B7D7-ABA69AC31A96}.Debug|Any CPU.Build.0 = Debug|Any CPU
		{CA3BB2AD-517E-475F-B7D7-ABA69AC31A96}.Release|Any CPU.ActiveCfg = Release|Any CPU
		{7D24F283-5220-42E0-83F9-76297A4BD03D}.Debug|Any CPU.ActiveCfg = Debug|Any CPU
		{7D24F283-5220-42E0-83F9-76297A4BD03D}.Debug|Any CPU.Build.0 = Debug|Any CPU
		{7D24F283-5220-42E0-83F9-76297A4BD03D}.Release|Any CPU.ActiveCfg = Release|Any CPU
		{7D24F283-5220-42E0-83F9-76297A4BD03D}.Release|Any CPU.Build.0 = Release|Any CPU
		{7F8AF3E4-F2F6-4D4E-9E1F-0483E5BAE8E0}.Debug|Any CPU.ActiveCfg = Debug|Any CPU
		{7F8AF3E4-F2F6-4D4E-9E1F-0483E5BAE8E0}.Debug|Any CPU.Build.0 = Debug|Any CPU
		{7F8AF3E4-F2F6-4D4E-9E1F-0483E5BAE8E0}.Release|Any CPU.ActiveCfg = Release|Any CPU
		{6999ADEC-37DC-4B78-A6F3-B18C4B429506}.Debug|Any CPU.ActiveCfg = Debug|Any CPU
		{6999ADEC-37DC-4B78-A6F3-B18C4B429506}.Debug|Any CPU.Build.0 = Debug|Any CPU
		{6999ADEC-37DC-4B78-A6F3-B18C4B429506}.Release|Any CPU.ActiveCfg = Release|Any CPU
		{E83DBE22-B03E-43EB-98F7-98F5B0B6AADF}.Debug|Any CPU.ActiveCfg = Debug|Any CPU
		{E83DBE22-B03E-43EB-98F7-98F5B0B6AADF}.Release|Any CPU.ActiveCfg = Release|Any CPU
		{E83DBE22-B03E-43EB-98F7-98F5B0B6AADF}.Release|Any CPU.Build.0 = Release|Any CPU
		{FCC648B5-611A-4A1B-8D6E-14BD16B1BB17}.Debug|Any CPU.ActiveCfg = Debug|Any CPU
		{FCC648B5-611A-4A1B-8D6E-14BD16B1BB17}.Debug|Any CPU.Build.0 = Debug|Any CPU
		{FCC648B5-611A-4A1B-8D6E-14BD16B1BB17}.Release|Any CPU.ActiveCfg = Release|Any CPU
	EndGlobalSection
	GlobalSection(SolutionProperties) = preSolution
		HideSolutionNode = FALSE
	EndGlobalSection
	GlobalSection(NestedProjects) = preSolution
		{B8BA56BA-15FC-4D2E-8929-FDD6C6E13B5A} = {5A859144-0558-4FEB-965B-BFD83D9336A9}
		{0B7A9395-3318-41A1-85D3-EECA6A868FA7} = {5A859144-0558-4FEB-965B-BFD83D9336A9}
		{C9D85138-EABB-47C1-8765-0F204E81FA5C} = {5A859144-0558-4FEB-965B-BFD83D9336A9}
		{678843A1-1DFA-46EC-A15B-9C0AF7FCBBF0} = {5A859144-0558-4FEB-965B-BFD83D9336A9}
		{77EE9755-CE3E-4B7B-AEF1-474B228E7B50} = {5A859144-0558-4FEB-965B-BFD83D9336A9}
		{CA3BB2AD-517E-475F-B7D7-ABA69AC31A96} = {5A859144-0558-4FEB-965B-BFD83D9336A9}
		{7F8AF3E4-F2F6-4D4E-9E1F-0483E5BAE8E0} = {83B63C9D-A034-42FF-B874-FDC7834408B0}
		{6999ADEC-37DC-4B78-A6F3-B18C4B429506} = {83B63C9D-A034-42FF-B874-FDC7834408B0}
		{FCC648B5-611A-4A1B-8D6E-14BD16B1BB17} = {83B63C9D-A034-42FF-B874-FDC7834408B0}
	EndGlobalSection
	GlobalSection(ExtensibilityGlobals) = postSolution
		SolutionGuid = {107802F1-1F23-4BD1-9933-33EE9D8A6035}
	EndGlobalSection
EndGlobal
