
Microsoft Visual Studio Solution File, Format Version 12.00
# Visual Studio 14
VisualStudioVersion = 14.0.25420.1
MinimumVisualStudioVersion = 10.0.40219.1
Project("{FAE04EC0-301F-11D3-BF4B-00C04F79EFBC}") = "FPLedit", "FPLedit\FPLedit.csproj", "{2809F962-DC06-4740-8AD0-0981891446DA}"
	ProjectSection(ProjectDependencies) = postProject
		{0959C902-8FCE-4125-A8F0-2D5A06EB890C} = {0959C902-8FCE-4125-A8F0-2D5A06EB890C}
		{77EE9755-CE3E-4B7B-AEF1-474B228E7B50} = {77EE9755-CE3E-4B7B-AEF1-474B228E7B50}
		{18F6EC68-60B0-4D31-9643-746EB8860C3D} = {18F6EC68-60B0-4D31-9643-746EB8860C3D}
		{B8BA56BA-15FC-4D2E-8929-FDD6C6E13B5A} = {B8BA56BA-15FC-4D2E-8929-FDD6C6E13B5A}
	EndProjectSection
EndProject
Project("{FAE04EC0-301F-11D3-BF4B-00C04F79EFBC}") = "FPLedit.Shared", "FPLedit.Shared\FPLedit.Shared.csproj", "{CE38D005-22B2-4B15-80BA-614F038240FD}"
EndProject
Project("{FAE04EC0-301F-11D3-BF4B-00C04F79EFBC}") = "FPLedit.BuchfahrplanExport", "FPLedit.BuchfahrplanExport\FPLedit.BuchfahrplanExport.csproj", "{B8BA56BA-15FC-4D2E-8929-FDD6C6E13B5A}"
EndProject
Project("{FAE04EC0-301F-11D3-BF4B-00C04F79EFBC}") = "FPLedit.JTrainGraphImport", "FPLedit.JTrainGraphImport\FPLedit.JTrainGraphImport.csproj", "{0959C902-8FCE-4125-A8F0-2D5A06EB890C}"
EndProject
Project("{2150E333-8FDC-42A3-9474-1A3956D46DE8}") = "Import", "Import", "{67D8D2A6-E712-4DE5-A5C1-4E0961A41486}"
EndProject
Project("{2150E333-8FDC-42A3-9474-1A3956D46DE8}") = "Export", "Export", "{5A859144-0558-4FEB-965B-BFD83D9336A9}"
EndProject
Project("{FAE04EC0-301F-11D3-BF4B-00C04F79EFBC}") = "FPLedit.BildfahrplanExport", "FPLedit.BildfahrplanExport\FPLedit.BildfahrplanExport.csproj", "{77EE9755-CE3E-4B7B-AEF1-474B228E7B50}"
EndProject
Project("{FAE04EC0-301F-11D3-BF4B-00C04F79EFBC}") = "FPLedit.Standard", "FPLedit.Standard\FPLedit.Standard.csproj", "{18F6EC68-60B0-4D31-9643-746EB8860C3D}"
EndProject
Global
	GlobalSection(SolutionConfigurationPlatforms) = preSolution
		Debug|Any CPU = Debug|Any CPU
		Release|Any CPU = Release|Any CPU
	EndGlobalSection
	GlobalSection(ProjectConfigurationPlatforms) = postSolution
		{2809F962-DC06-4740-8AD0-0981891446DA}.Debug|Any CPU.ActiveCfg = Debug|Any CPU
		{2809F962-DC06-4740-8AD0-0981891446DA}.Debug|Any CPU.Build.0 = Debug|Any CPU
		{2809F962-DC06-4740-8AD0-0981891446DA}.Release|Any CPU.ActiveCfg = Release|Any CPU
		{2809F962-DC06-4740-8AD0-0981891446DA}.Release|Any CPU.Build.0 = Release|Any CPU
		{CE38D005-22B2-4B15-80BA-614F038240FD}.Debug|Any CPU.ActiveCfg = Debug|Any CPU
		{CE38D005-22B2-4B15-80BA-614F038240FD}.Debug|Any CPU.Build.0 = Debug|Any CPU
		{CE38D005-22B2-4B15-80BA-614F038240FD}.Release|Any CPU.ActiveCfg = Release|Any CPU
		{CE38D005-22B2-4B15-80BA-614F038240FD}.Release|Any CPU.Build.0 = Release|Any CPU
		{B8BA56BA-15FC-4D2E-8929-FDD6C6E13B5A}.Debug|Any CPU.ActiveCfg = Debug|Any CPU
		{B8BA56BA-15FC-4D2E-8929-FDD6C6E13B5A}.Debug|Any CPU.Build.0 = Debug|Any CPU
		{B8BA56BA-15FC-4D2E-8929-FDD6C6E13B5A}.Release|Any CPU.ActiveCfg = Release|Any CPU
		{B8BA56BA-15FC-4D2E-8929-FDD6C6E13B5A}.Release|Any CPU.Build.0 = Release|Any CPU
		{0959C902-8FCE-4125-A8F0-2D5A06EB890C}.Debug|Any CPU.ActiveCfg = Debug|Any CPU
		{0959C902-8FCE-4125-A8F0-2D5A06EB890C}.Debug|Any CPU.Build.0 = Debug|Any CPU
		{0959C902-8FCE-4125-A8F0-2D5A06EB890C}.Release|Any CPU.ActiveCfg = Release|Any CPU
		{0959C902-8FCE-4125-A8F0-2D5A06EB890C}.Release|Any CPU.Build.0 = Release|Any CPU
		{77EE9755-CE3E-4B7B-AEF1-474B228E7B50}.Debug|Any CPU.ActiveCfg = Debug|Any CPU
		{77EE9755-CE3E-4B7B-AEF1-474B228E7B50}.Debug|Any CPU.Build.0 = Debug|Any CPU
		{77EE9755-CE3E-4B7B-AEF1-474B228E7B50}.Release|Any CPU.ActiveCfg = Release|Any CPU
		{77EE9755-CE3E-4B7B-AEF1-474B228E7B50}.Release|Any CPU.Build.0 = Release|Any CPU
		{18F6EC68-60B0-4D31-9643-746EB8860C3D}.Debug|Any CPU.ActiveCfg = Debug|Any CPU
		{18F6EC68-60B0-4D31-9643-746EB8860C3D}.Debug|Any CPU.Build.0 = Debug|Any CPU
		{18F6EC68-60B0-4D31-9643-746EB8860C3D}.Release|Any CPU.ActiveCfg = Release|Any CPU
		{18F6EC68-60B0-4D31-9643-746EB8860C3D}.Release|Any CPU.Build.0 = Release|Any CPU
	EndGlobalSection
	GlobalSection(SolutionProperties) = preSolution
		HideSolutionNode = FALSE
	EndGlobalSection
	GlobalSection(NestedProjects) = preSolution
		{B8BA56BA-15FC-4D2E-8929-FDD6C6E13B5A} = {5A859144-0558-4FEB-965B-BFD83D9336A9}
		{0959C902-8FCE-4125-A8F0-2D5A06EB890C} = {67D8D2A6-E712-4DE5-A5C1-4E0961A41486}
		{77EE9755-CE3E-4B7B-AEF1-474B228E7B50} = {5A859144-0558-4FEB-965B-BFD83D9336A9}
	EndGlobalSection
EndGlobal
