
Microsoft Visual Studio Solution File, Format Version 12.00
# Visual Studio 15
VisualStudioVersion = 15.0.27130.2026
MinimumVisualStudioVersion = 10.0.40219.1
Project("{FAE04EC0-301F-11D3-BF4B-00C04F79EFBC}") = "FPLedit.Shared", "FPLedit.Shared\FPLedit.Shared.csproj", "{CE38D005-22B2-4B15-80BA-614F038240FD}"
EndProject
Project("{FAE04EC0-301F-11D3-BF4B-00C04F79EFBC}") = "FPLedit.Buchfahrplan", "FPLedit.Buchfahrplan\FPLedit.Buchfahrplan.csproj", "{B8BA56BA-15FC-4D2E-8929-FDD6C6E13B5A}"
EndProject
Project("{2150E333-8FDC-42A3-9474-1A3956D46DE8}") = "Extensions", "Extensions", "{5A859144-0558-4FEB-965B-BFD83D9336A9}"
EndProject
Project("{FAE04EC0-301F-11D3-BF4B-00C04F79EFBC}") = "FPLedit.jTrainGraphStarter", "FPLedit.jTrainGraphStarter\FPLedit.jTrainGraphStarter.csproj", "{0B7A9395-3318-41A1-85D3-EECA6A868FA7}"
EndProject
Project("{FAE04EC0-301F-11D3-BF4B-00C04F79EFBC}") = "FPLedit.Installer", "FPLedit.Installer\FPLedit.Installer.csproj", "{9A1DE03B-E601-495F-9C21-F67E20D6FD18}"
EndProject
Project("{2150E333-8FDC-42A3-9474-1A3956D46DE8}") = "build_scripts", "build_scripts", "{A63B9FD7-0C3A-4C99-905C-52C85CA8D2E0}"
	ProjectSection(SolutionItems) = preProject
		build_scripts\build-pre.csx = build_scripts\build-pre.csx
		build_scripts\build-release.csx = build_scripts\build-release.csx
		build_scripts\build-source.csx = build_scripts\build-source.csx
		build_scripts\fpledit.snk = build_scripts\fpledit.snk
		build_scripts\includes.csx = build_scripts\includes.csx
		build_scripts\Info.txt = build_scripts\Info.txt
		build_scripts\VersionInfo.cs = build_scripts\VersionInfo.cs
	EndProjectSection
EndProject
Project("{FAE04EC0-301F-11D3-BF4B-00C04F79EFBC}") = "FPLedit.Aushangfahrplan", "FPLedit.Aushangfahrplan\FPLedit.Aushangfahrplan.csproj", "{C9D85138-EABB-47C1-8765-0F204E81FA5C}"
EndProject
Project("{FAE04EC0-301F-11D3-BF4B-00C04F79EFBC}") = "FPLedit.Kursbuch", "FPLedit.Kursbuch\FPLedit.Kursbuch.csproj", "{678843A1-1DFA-46EC-A15B-9C0AF7FCBBF0}"
EndProject
Project("{2150E333-8FDC-42A3-9474-1A3956D46DE8}") = "libs", "libs", "{A2218283-EAF1-4F5C-9E8A-DC6BDDEB1830}"
	ProjectSection(SolutionItems) = preProject
		libs\Eto.dll = libs\Eto.dll
		libs\Eto.Gtk.dll = libs\Eto.Gtk.dll
		libs\Eto.Gtk3.dll = libs\Eto.Gtk3.dll
		libs\Eto.Serialization.Xaml.dll = libs\Eto.Serialization.Xaml.dll
		libs\Eto.WinForms.dll = libs\Eto.WinForms.dll
		libs\Eto.Wpf.dll = libs\Eto.Wpf.dll
		libs\LICENSE.txt = libs\LICENSE.txt
	EndProjectSection
EndProject
Project("{FAE04EC0-301F-11D3-BF4B-00C04F79EFBC}") = "FPLedit", "FPLedit\FPLedit.csproj", "{386836E8-5885-4ED1-B350-CE2BBEC5367E}"
	ProjectSection(ProjectDependencies) = postProject
		{C9D85138-EABB-47C1-8765-0F204E81FA5C} = {C9D85138-EABB-47C1-8765-0F204E81FA5C}
		{77EE9755-CE3E-4B7B-AEF1-474B228E7B50} = {77EE9755-CE3E-4B7B-AEF1-474B228E7B50}
		{0B7A9395-3318-41A1-85D3-EECA6A868FA7} = {0B7A9395-3318-41A1-85D3-EECA6A868FA7}
		{678843A1-1DFA-46EC-A15B-9C0AF7FCBBF0} = {678843A1-1DFA-46EC-A15B-9C0AF7FCBBF0}
		{B8BA56BA-15FC-4D2E-8929-FDD6C6E13B5A} = {B8BA56BA-15FC-4D2E-8929-FDD6C6E13B5A}
	EndProjectSection
EndProject
Project("{FAE04EC0-301F-11D3-BF4B-00C04F79EFBC}") = "FPLedit.Shared.UI", "FPLedit.UI\FPLedit.Shared.UI.csproj", "{5A1A083A-1308-488A-8A6B-ED8C1936B7C4}"
EndProject
Project("{FAE04EC0-301F-11D3-BF4B-00C04F79EFBC}") = "FPLedit.Bildfahrplan", "FPLedit.Bildfahrplan\FPLedit.Bildfahrplan.csproj", "{77EE9755-CE3E-4B7B-AEF1-474B228E7B50}"
EndProject
Global
	GlobalSection(SolutionConfigurationPlatforms) = preSolution
		Debug|Any CPU = Debug|Any CPU
		Release|Any CPU = Release|Any CPU
	EndGlobalSection
	GlobalSection(ProjectConfigurationPlatforms) = postSolution
		{CE38D005-22B2-4B15-80BA-614F038240FD}.Debug|Any CPU.ActiveCfg = Debug|Any CPU
		{CE38D005-22B2-4B15-80BA-614F038240FD}.Debug|Any CPU.Build.0 = Debug|Any CPU
		{CE38D005-22B2-4B15-80BA-614F038240FD}.Release|Any CPU.ActiveCfg = Release|Any CPU
		{CE38D005-22B2-4B15-80BA-614F038240FD}.Release|Any CPU.Build.0 = Release|Any CPU
		{B8BA56BA-15FC-4D2E-8929-FDD6C6E13B5A}.Debug|Any CPU.ActiveCfg = Debug|Any CPU
		{B8BA56BA-15FC-4D2E-8929-FDD6C6E13B5A}.Debug|Any CPU.Build.0 = Debug|Any CPU
		{B8BA56BA-15FC-4D2E-8929-FDD6C6E13B5A}.Release|Any CPU.ActiveCfg = Release|Any CPU
		{B8BA56BA-15FC-4D2E-8929-FDD6C6E13B5A}.Release|Any CPU.Build.0 = Release|Any CPU
		{0B7A9395-3318-41A1-85D3-EECA6A868FA7}.Debug|Any CPU.ActiveCfg = Debug|Any CPU
		{0B7A9395-3318-41A1-85D3-EECA6A868FA7}.Debug|Any CPU.Build.0 = Debug|Any CPU
		{0B7A9395-3318-41A1-85D3-EECA6A868FA7}.Release|Any CPU.ActiveCfg = Release|Any CPU
		{0B7A9395-3318-41A1-85D3-EECA6A868FA7}.Release|Any CPU.Build.0 = Release|Any CPU
		{9A1DE03B-E601-495F-9C21-F67E20D6FD18}.Debug|Any CPU.ActiveCfg = Debug|Any CPU
		{9A1DE03B-E601-495F-9C21-F67E20D6FD18}.Release|Any CPU.ActiveCfg = Release|Any CPU
		{C9D85138-EABB-47C1-8765-0F204E81FA5C}.Debug|Any CPU.ActiveCfg = Debug|Any CPU
		{C9D85138-EABB-47C1-8765-0F204E81FA5C}.Debug|Any CPU.Build.0 = Debug|Any CPU
		{C9D85138-EABB-47C1-8765-0F204E81FA5C}.Release|Any CPU.ActiveCfg = Release|Any CPU
		{C9D85138-EABB-47C1-8765-0F204E81FA5C}.Release|Any CPU.Build.0 = Release|Any CPU
		{678843A1-1DFA-46EC-A15B-9C0AF7FCBBF0}.Debug|Any CPU.ActiveCfg = Debug|Any CPU
		{678843A1-1DFA-46EC-A15B-9C0AF7FCBBF0}.Debug|Any CPU.Build.0 = Debug|Any CPU
		{678843A1-1DFA-46EC-A15B-9C0AF7FCBBF0}.Release|Any CPU.ActiveCfg = Release|Any CPU
		{678843A1-1DFA-46EC-A15B-9C0AF7FCBBF0}.Release|Any CPU.Build.0 = Release|Any CPU
		{386836E8-5885-4ED1-B350-CE2BBEC5367E}.Debug|Any CPU.ActiveCfg = Debug|Any CPU
		{386836E8-5885-4ED1-B350-CE2BBEC5367E}.Debug|Any CPU.Build.0 = Debug|Any CPU
		{386836E8-5885-4ED1-B350-CE2BBEC5367E}.Release|Any CPU.ActiveCfg = Release|Any CPU
		{386836E8-5885-4ED1-B350-CE2BBEC5367E}.Release|Any CPU.Build.0 = Release|Any CPU
		{5A1A083A-1308-488A-8A6B-ED8C1936B7C4}.Debug|Any CPU.ActiveCfg = Debug|Any CPU
		{5A1A083A-1308-488A-8A6B-ED8C1936B7C4}.Debug|Any CPU.Build.0 = Debug|Any CPU
		{5A1A083A-1308-488A-8A6B-ED8C1936B7C4}.Release|Any CPU.ActiveCfg = Release|Any CPU
		{5A1A083A-1308-488A-8A6B-ED8C1936B7C4}.Release|Any CPU.Build.0 = Release|Any CPU
		{77EE9755-CE3E-4B7B-AEF1-474B228E7B50}.Debug|Any CPU.ActiveCfg = Debug|Any CPU
		{77EE9755-CE3E-4B7B-AEF1-474B228E7B50}.Debug|Any CPU.Build.0 = Debug|Any CPU
		{77EE9755-CE3E-4B7B-AEF1-474B228E7B50}.Release|Any CPU.ActiveCfg = Release|Any CPU
	EndGlobalSection
	GlobalSection(SolutionProperties) = preSolution
		HideSolutionNode = FALSE
	EndGlobalSection
	GlobalSection(NestedProjects) = preSolution
		{B8BA56BA-15FC-4D2E-8929-FDD6C6E13B5A} = {5A859144-0558-4FEB-965B-BFD83D9336A9}
		{0B7A9395-3318-41A1-85D3-EECA6A868FA7} = {5A859144-0558-4FEB-965B-BFD83D9336A9}
		{C9D85138-EABB-47C1-8765-0F204E81FA5C} = {5A859144-0558-4FEB-965B-BFD83D9336A9}
		{678843A1-1DFA-46EC-A15B-9C0AF7FCBBF0} = {5A859144-0558-4FEB-965B-BFD83D9336A9}
		{77EE9755-CE3E-4B7B-AEF1-474B228E7B50} = {5A859144-0558-4FEB-965B-BFD83D9336A9}
	EndGlobalSection
	GlobalSection(ExtensibilityGlobals) = postSolution
		SolutionGuid = {107802F1-1F23-4BD1-9933-33EE9D8A6035}
	EndGlobalSection
EndGlobal
